# THIS IS AN AUTOGENERATED FILE. DO NOT EDIT THIS FILE DIRECTLY.
# yarn lockfile v1


argparse@^1.0.10:
  version "1.0.10"
  resolved "https://registry.yarnpkg.com/argparse/-/argparse-1.0.10.tgz#bcd6791ea5ae09725e17e5ad988134cd40b3d911"
  dependencies:
    sprintf-js "~1.0.2"

colors@^1.2.1:
  version "1.2.1"
  resolved "https://registry.yarnpkg.com/colors/-/colors-1.2.1.tgz#f4a3d302976aaf042356ba1ade3b1a2c62d9d794"

define-properties@^1.1.2:
  version "1.1.2"
  resolved "https://registry.yarnpkg.com/define-properties/-/define-properties-1.1.2.tgz#83a73f2fea569898fb737193c8f873caf6d45c94"
  dependencies:
    foreach "^2.0.5"
    object-keys "^1.0.8"

es-abstract@^1.5.1:
  version "1.10.0"
  resolved "https://registry.yarnpkg.com/es-abstract/-/es-abstract-1.10.0.tgz#1ecb36c197842a00d8ee4c2dfd8646bb97d60864"
  dependencies:
    es-to-primitive "^1.1.1"
    function-bind "^1.1.1"
    has "^1.0.1"
    is-callable "^1.1.3"
    is-regex "^1.0.4"

es-to-primitive@^1.1.1:
  version "1.1.1"
  resolved "https://registry.yarnpkg.com/es-to-primitive/-/es-to-primitive-1.1.1.tgz#45355248a88979034b6792e19bb81f2b7975dd0d"
  dependencies:
    is-callable "^1.1.1"
    is-date-object "^1.0.1"
    is-symbol "^1.0.1"

eslint-config-airbnb-base@^12.1.0:
  version "12.1.0"
  resolved "https://registry.yarnpkg.com/eslint-config-airbnb-base/-/eslint-config-airbnb-base-12.1.0.tgz#386441e54a12ccd957b0a92564a4bafebd747944"
  dependencies:
    eslint-restricted-globals "^0.1.1"

eslint-config-prettier@^2.9.0:
  version "2.9.0"
  resolved "https://registry.yarnpkg.com/eslint-config-prettier/-/eslint-config-prettier-2.9.0.tgz#5ecd65174d486c22dff389fe036febf502d468a3"
  dependencies:
    get-stdin "^5.0.1"

eslint-restricted-globals@^0.1.1:
  version "0.1.1"
  resolved "https://registry.yarnpkg.com/eslint-restricted-globals/-/eslint-restricted-globals-0.1.1.tgz#35f0d5cbc64c2e3ed62e93b4b1a7af05ba7ed4d7"

event-stream@~0.5:
  version "0.5.3"
  resolved "http://registry.npmjs.org/event-stream/-/event-stream-0.5.3.tgz#b77b9309f7107addfeab63f0c0eafd8db0bd8c1c"
  dependencies:
    optimist "0.2"

foreach@^2.0.5:
  version "2.0.5"
  resolved "https://registry.yarnpkg.com/foreach/-/foreach-2.0.5.tgz#0bee005018aeb260d0a3af3ae658dd0136ec1b99"

fs-extra@^5.0.0:
  version "5.0.0"
  resolved "https://registry.yarnpkg.com/fs-extra/-/fs-extra-5.0.0.tgz#414d0110cdd06705734d055652c5411260c31abd"
  dependencies:
    graceful-fs "^4.1.2"
    jsonfile "^4.0.0"
    universalify "^0.1.0"

function-bind@^1.0.2, function-bind@^1.1.1:
  version "1.1.1"
  resolved "https://registry.yarnpkg.com/function-bind/-/function-bind-1.1.1.tgz#a56899d3ea3c9bab874bb9773b7c5ede92f4895d"

get-stdin@^5.0.1:
  version "5.0.1"
  resolved "https://registry.yarnpkg.com/get-stdin/-/get-stdin-5.0.1.tgz#122e161591e21ff4c52530305693f20e6393a398"

graceful-fs@^4.1.2, graceful-fs@^4.1.6:
  version "4.1.11"
  resolved "https://registry.yarnpkg.com/graceful-fs/-/graceful-fs-4.1.11.tgz#0e8bdfe4d1ddb8854d64e04ea7c00e2a026e5658"

has@^1.0.1:
  version "1.0.1"
  resolved "https://registry.yarnpkg.com/has/-/has-1.0.1.tgz#8461733f538b0837c9361e39a9ab9e9704dc2f28"
  dependencies:
    function-bind "^1.0.2"

is-callable@^1.1.1, is-callable@^1.1.3:
  version "1.1.3"
  resolved "https://registry.yarnpkg.com/is-callable/-/is-callable-1.1.3.tgz#86eb75392805ddc33af71c92a0eedf74ee7604b2"

is-date-object@^1.0.1:
  version "1.0.1"
  resolved "https://registry.yarnpkg.com/is-date-object/-/is-date-object-1.0.1.tgz#9aa20eb6aeebbff77fbd33e74ca01b33581d3a16"

is-regex@^1.0.4:
  version "1.0.4"
  resolved "https://registry.yarnpkg.com/is-regex/-/is-regex-1.0.4.tgz#5517489b547091b0930e095654ced25ee97e9491"
  dependencies:
    has "^1.0.1"

is-symbol@^1.0.1:
  version "1.0.1"
  resolved "https://registry.yarnpkg.com/is-symbol/-/is-symbol-1.0.1.tgz#3cc59f00025194b6ab2e38dbae6689256b660572"

jsonfile@^4.0.0:
  version "4.0.0"
  resolved "https://registry.yarnpkg.com/jsonfile/-/jsonfile-4.0.0.tgz#8771aae0799b64076b76640fca058f9c10e33ecb"
  optionalDependencies:
    graceful-fs "^4.1.6"

object-keys@^1.0.8:
  version "1.0.11"
  resolved "https://registry.yarnpkg.com/object-keys/-/object-keys-1.0.11.tgz#c54601778ad560f1142ce0e01bcca8b56d13426d"

object-keys@~0.4.0:
  version "0.4.0"
  resolved "https://registry.yarnpkg.com/object-keys/-/object-keys-0.4.0.tgz#28a6aae7428dd2c3a92f3d95f21335dd204e0336"

object.getownpropertydescriptors@^2.0.3:
  version "2.0.3"
  resolved "https://registry.yarnpkg.com/object.getownpropertydescriptors/-/object.getownpropertydescriptors-2.0.3.tgz#8758c846f5b407adab0f236e0986f14b051caa16"
  dependencies:
    define-properties "^1.1.2"
    es-abstract "^1.5.1"

optimist@0.2:
  version "0.2.8"
  resolved "https://registry.yarnpkg.com/optimist/-/optimist-0.2.8.tgz#e981ab7e268b457948593b55674c099a815cac31"
  dependencies:
    wordwrap ">=0.0.1 <0.1.0"

ps-tree@0.0.3:
  version "0.0.3"
  resolved "https://registry.yarnpkg.com/ps-tree/-/ps-tree-0.0.3.tgz#dbf8d752a7fe22fa7d58635689499610e9276ddc"
  dependencies:
    event-stream "~0.5"

respawn@^2.5.0:
  version "2.5.0"
  resolved "https://registry.yarnpkg.com/respawn/-/respawn-2.5.0.tgz#9df0b298c3886813d36b7a9ab4d78ea2258b71d5"
  dependencies:
    ps-tree "0.0.3"
    xtend "~2.1.1"

sprintf-js@~1.0.2:
  version "1.0.3"
  resolved "https://registry.yarnpkg.com/sprintf-js/-/sprintf-js-1.0.3.tgz#04e6926f662895354f3dd015203633b857297e2c"

universalify@^0.1.0:
  version "0.1.1"
  resolved "https://registry.yarnpkg.com/universalify/-/universalify-0.1.1.tgz#fa71badd4437af4c148841e3b3b165f9e9e590b7"

util.promisify@^1.0.0:
  version "1.0.0"
  resolved "https://registry.yarnpkg.com/util.promisify/-/util.promisify-1.0.0.tgz#440f7165a459c9a16dc145eb8e72f35687097030"
  dependencies:
    define-properties "^1.1.2"
    object.getownpropertydescriptors "^2.0.3"

"wordwrap@>=0.0.1 <0.1.0":
  version "0.0.3"
  resolved "https://registry.yarnpkg.com/wordwrap/-/wordwrap-0.0.3.tgz#a3d5da6cd5c0bc0008d37234bbaf1bed63059107"

xtend@~2.1.1:
  version "2.1.2"
  resolved "https://registry.yarnpkg.com/xtend/-/xtend-2.1.2.tgz#6efecc2a4dad8e6962c4901b337ce7ba87b5d28b"
  dependencies:
    object-keys "~0.4.0"
